
Microsoft Visual Studio Solution File, Format Version 12.00
# Visual Studio Version 16
VisualStudioVersion = 16.0.30711.63
MinimumVisualStudioVersion = 10.0.40219.1
Project("{FAE04EC0-301F-11D3-BF4B-00C04F79EFBC}") = "GeneraliSaleService", "GeneraliSaleService\GeneraliSaleService.csproj", "{E8C2856A-DB5C-4317-BFC1-066E2E460C8A}"
EndProject
Project("{FAE04EC0-301F-11D3-BF4B-00C04F79EFBC}") = "DataAccess", "DataAccess\DataAccess.csproj", "{51BC5DDC-5552-41C1-9CEB-AE41E2B1AA98}"
EndProject
Project("{FAE04EC0-301F-11D3-BF4B-00C04F79EFBC}") = "Core", "Core\Core.csproj", "{3CB92598-189D-4C97-BA51-6194E9B5813B}"
EndProject
Project("{FAE04EC0-301F-11D3-BF4B-00C04F79EFBC}") = "BusinessLogic", "BusinessLogic\BusinessLogic.csproj", "{67058E98-5BBC-4C25-A9F0-8336DCEC5340}"
EndProject
Project("{FAE04EC0-301F-11D3-BF4B-00C04F79EFBC}") = "Generali.UI", "Generali.UI\Generali.UI.csproj", "{84C1EB36-6F13-49C5-B747-A4E7A609F6F3}"
	ProjectSection(ProjectDependencies) = postProject
		{E8C2856A-DB5C-4317-BFC1-066E2E460C8A} = {E8C2856A-DB5C-4317-BFC1-066E2E460C8A}
	EndProjectSection
EndProject
Global
	GlobalSection(SolutionConfigurationPlatforms) = preSolution
		Debug|Any CPU = Debug|Any CPU
		Release|Any CPU = Release|Any CPU
	EndGlobalSection
	GlobalSection(ProjectConfigurationPlatforms) = postSolution
		{E8C2856A-DB5C-4317-BFC1-066E2E460C8A}.Debug|Any CPU.ActiveCfg = Debug|Any CPU
		{E8C2856A-DB5C-4317-BFC1-066E2E460C8A}.Debug|Any CPU.Build.0 = Debug|Any CPU
		{E8C2856A-DB5C-4317-BFC1-066E2E460C8A}.Release|Any CPU.ActiveCfg = Release|Any CPU
		{E8C2856A-DB5C-4317-BFC1-066E2E460C8A}.Release|Any CPU.Build.0 = Release|Any CPU
		{51BC5DDC-5552-41C1-9CEB-AE41E2B1AA98}.Debug|Any CPU.ActiveCfg = Debug|Any CPU
		{51BC5DDC-5552-41C1-9CEB-AE41E2B1AA98}.Debug|Any CPU.Build.0 = Debug|Any CPU
		{51BC5DDC-5552-41C1-9CEB-AE41E2B1AA98}.Release|Any CPU.ActiveCfg = Release|Any CPU
		{51BC5DDC-5552-41C1-9CEB-AE41E2B1AA98}.Release|Any CPU.Build.0 = Release|Any CPU
		{3CB92598-189D-4C97-BA51-6194E9B5813B}.Debug|Any CPU.ActiveCfg = Debug|Any CPU
		{3CB92598-189D-4C97-BA51-6194E9B5813B}.Debug|Any CPU.Build.0 = Debug|Any CPU
		{3CB92598-189D-4C97-BA51-6194E9B5813B}.Release|Any CPU.ActiveCfg = Release|Any CPU
		{3CB92598-189D-4C97-BA51-6194E9B5813B}.Release|Any CPU.Build.0 = Release|Any CPU
		{67058E98-5BBC-4C25-A9F0-8336DCEC5340}.Debug|Any CPU.ActiveCfg = Debug|Any CPU
		{67058E98-5BBC-4C25-A9F0-8336DCEC5340}.Debug|Any CPU.Build.0 = Debug|Any CPU
		{67058E98-5BBC-4C25-A9F0-8336DCEC5340}.Release|Any CPU.ActiveCfg = Release|Any CPU
		{67058E98-5BBC-4C25-A9F0-8336DCEC5340}.Release|Any CPU.Build.0 = Release|Any CPU
		{84C1EB36-6F13-49C5-B747-A4E7A609F6F3}.Debug|Any CPU.ActiveCfg = Debug|Any CPU
		{84C1EB36-6F13-49C5-B747-A4E7A609F6F3}.Debug|Any CPU.Build.0 = Debug|Any CPU
		{84C1EB36-6F13-49C5-B747-A4E7A609F6F3}.Release|Any CPU.ActiveCfg = Release|Any CPU
		{84C1EB36-6F13-49C5-B747-A4E7A609F6F3}.Release|Any CPU.Build.0 = Release|Any CPU
	EndGlobalSection
	GlobalSection(SolutionProperties) = preSolution
		HideSolutionNode = FALSE
	EndGlobalSection
	GlobalSection(ExtensibilityGlobals) = postSolution
		SolutionGuid = {F766BCF8-DF62-41B4-B897-4CA8EB7C3CB6}
	EndGlobalSection
EndGlobal
